
Microsoft Visual Studio Solution File, Format Version 12.00
# Visual Studio 15
VisualStudioVersion = 15.0.28307.1169
MinimumVisualStudioVersion = 10.0.40219.1
Project("{8BC9CEB8-8B4A-11D0-8D11-00A0C91BC942}") = "SoT_ESP", "src\SoT_ESP\SoT_ESP.vcxproj", "{3422A50C-45BC-47EB-8B3E-241677B7DF2D}"
EndProject
Project("{8BC9CEB8-8B4A-11D0-8D11-00A0C91BC942}") = "SoT_OffsetFinder", "src\SoT_OffsetFinder\SoT_OffsetFinder.vcxproj", "{ED762FE1-7FAE-4B68-BD6A-AA08673531FD}"
EndProject
Global
	GlobalSection(SolutionConfigurationPlatforms) = preSolution
		Debug|x64 = Debug|x64
		Debug|x86 = Debug|x86
		Release|x64 = Release|x64
		Release|x86 = Release|x86
	EndGlobalSection
	GlobalSection(ProjectConfigurationPlatforms) = postSolution
		{3422A50C-45BC-47EB-8B3E-241677B7DF2D}.Debug|x64.ActiveCfg = Debug|x64
		{3422A50C-45BC-47EB-8B3E-241677B7DF2D}.Debug|x64.Build.0 = Debug|x64
		{3422A50C-45BC-47EB-8B3E-241677B7DF2D}.Debug|x86.ActiveCfg = Debug|Win32
		{3422A50C-45BC-47EB-8B3E-241677B7DF2D}.Debug|x86.Build.0 = Debug|Win32
		{3422A50C-45BC-47EB-8B3E-241677B7DF2D}.Release|x64.ActiveCfg = Release|x64
		{3422A50C-45BC-47EB-8B3E-241677B7DF2D}.Release|x64.Build.0 = Release|x64
		{3422A50C-45BC-47EB-8B3E-241677B7DF2D}.Release|x86.ActiveCfg = Release|Win32
		{3422A50C-45BC-47EB-8B3E-241677B7DF2D}.Release|x86.Build.0 = Release|Win32
		{ED762FE1-7FAE-4B68-BD6A-AA08673531FD}.Debug|x64.ActiveCfg = Debug|x64
		{ED762FE1-7FAE-4B68-BD6A-AA08673531FD}.Debug|x64.Build.0 = Debug|x64
		{ED762FE1-7FAE-4B68-BD6A-AA08673531FD}.Debug|x86.ActiveCfg = Debug|Win32
		{ED762FE1-7FAE-4B68-BD6A-AA08673531FD}.Debug|x86.Build.0 = Debug|Win32
		{ED762FE1-7FAE-4B68-BD6A-AA08673531FD}.Release|x64.ActiveCfg = Release|x64
		{ED762FE1-7FAE-4B68-BD6A-AA08673531FD}.Release|x64.Build.0 = Release|x64
		{ED762FE1-7FAE-4B68-BD6A-AA08673531FD}.Release|x86.ActiveCfg = Release|Win32
		{ED762FE1-7FAE-4B68-BD6A-AA08673531FD}.Release|x86.Build.0 = Release|Win32
	EndGlobalSection
	GlobalSection(SolutionProperties) = preSolution
		HideSolutionNode = FALSE
	EndGlobalSection
	GlobalSection(ExtensibilityGlobals) = postSolution
		SolutionGuid = {A1674677-B1F2-4915-A09C-CE2C2094F6E8}
	EndGlobalSection
EndGlobal
