<?xml version="1.0" encoding="utf-8"?>
<Project ToolsVersion="4.0" xmlns="http://schemas.microsoft.com/developer/msbuild/2003">
  <ItemGroup>
    <Filter Include="Quelldateien">
      <UniqueIdentifier>{4FC737F1-C7A5-4376-A066-2A32D752A2FF}</UniqueIdentifier>
      <Extensions>cpp;c;cc;cxx;def;odl;idl;hpj;bat;asm;asmx</Extensions>
    </Filter>
    <Filter Include="Headerdateien">
      <UniqueIdentifier>{93995380-89BD-4b04-88EB-625FBE52EBFB}</UniqueIdentifier>
      <Extensions>h;hh;hpp;hxx;hm;inl;inc;ipp;xsd</Extensions>
    </Filter>
    <Filter Include="Ressourcendateien">
      <UniqueIdentifier>{67DA6AB6-F800-4c08-8B7A-83BB121AAD01}</UniqueIdentifier>
      <Extensions>rc;ico;cur;bmp;dlg;rc2;rct;bin;rgs;gif;jpg;jpeg;jpe;resx;tiff;tif;png;wav;mfcribbon-ms</Extensions>
    </Filter>
  </ItemGroup>
  <ItemGroup>
    <ClInclude Include="Cheat.h">
      <Filter>Headerdateien</Filter>
    </ClInclude>
    <ClInclude Include="Config.h">
      <Filter>Headerdateien</Filter>
    </ClInclude>
    <ClInclude Include="DirectX.h">
      <Filter>Headerdateien</Filter>
    </ClInclude>
    <ClInclude Include="Drawing.h">
      <Filter>Headerdateien</Filter>
    </ClInclude>
    <ClInclude Include="json.h">
      <Filter>Headerdateien</Filter>
    </ClInclude>
    <ClInclude Include="Memory.h">
      <Filter>Headerdateien</Filter>
    </ClInclude>
    <ClInclude Include="Menu.h">
      <Filter>Headerdateien</Filter>
    </ClInclude>
    <ClInclude Include="Misc.h">
      <Filter>Headerdateien</Filter>
    </ClInclude>
    <ClInclude Include="Offsets.h">
      <Filter>Headerdateien</Filter>
    </ClInclude>
    <ClInclude Include="Process.h">
      <Filter>Headerdateien</Filter>
    </ClInclude>
    <ClInclude Include="SotStuff.h">
      <Filter>Headerdateien</Filter>
    </ClInclude>
    <ClInclude Include="Vars.h">
      <Filter>Headerdateien</Filter>
    </ClInclude>
    <ClInclude Include="Vector.h">
      <Filter>Headerdateien</Filter>
    </ClInclude>
    <ClInclude Include="xor.h">
      <Filter>Headerdateien</Filter>
    </ClInclude>
  </ItemGroup>
  <ItemGroup>
    <ClCompile Include="Cheat.cpp">
      <Filter>Quelldateien</Filter>
    </ClCompile>
    <ClCompile Include="Config.cpp">
      <Filter>Quelldateien</Filter>
    </ClCompile>
    <ClCompile Include="DirectX.cpp">
      <Filter>Quelldateien</Filter>
    </ClCompile>
    <ClCompile Include="Drawing.cpp">
      <Filter>Quelldateien</Filter>
    </ClCompile>
    <ClCompile Include="Main.cpp">
      <Filter>Quelldateien</Filter>
    </ClCompile>
    <ClCompile Include="Memory.cpp">
      <Filter>Quelldateien</Filter>
    </ClCompile>
    <ClCompile Include="Menu.cpp">
      <Filter>Quelldateien</Filter>
    </ClCompile>
    <ClCompile Include="Misc.cpp">
      <Filter>Quelldateien</Filter>
    </ClCompile>
    <ClCompile Include="Process.cpp">
      <Filter>Quelldateien</Filter>
    </ClCompile>
    <ClCompile Include="SotStuff.cpp">
      <Filter>Quelldateien</Filter>
    </ClCompile>
  </ItemGroup>
</Project>